# THIS IS AN AUTOGENERATED FILE. DO NOT EDIT THIS FILE DIRECTLY.
# yarn lockfile v1


fp-ts-contrib@^0.1.2:
  version "0.1.2"
  resolved "https://learningobjects.jfrog.io/learningobjects/api/npm/npm-virtual/fp-ts-contrib/-/fp-ts-contrib-0.1.2.tgz#d8eb302f55ae8deb7261b0ff25e5e360bc182b97"

fp-ts@^2.0.5:
  version "2.0.5"
  resolved "https://learningobjects.jfrog.io/learningobjects/api/npm/npm-virtual/fp-ts/-/fp-ts-2.0.5.tgz#9560d8a6a4f53cbda9f9b31ed8d1458e41939e07"
